<?xml version="1.0" encoding="utf-8"?>
<Project ToolsVersion="4.0" xmlns="http://schemas.microsoft.com/developer/msbuild/2003">
  <ItemGroup>
    <ClCompile Include="main.cpp" />
    <ClCompile Include="Resources\CameraPoint.cpp" />
    <ClCompile Include="Resources\Camera.cpp" />
    <ClCompile Include="Resources\Const.cpp" />
    <ClCompile Include="Resources\FrustumG.cpp" />
    <ClCompile Include="Resources\Mesh.cpp" />
    <ClCompile Include="Resources\SceneNode.cpp" />
    <ClCompile Include="Resources\Texture.cpp" />
    <ClCompile Include="Scene\Actor.cpp" />
    <ClCompile Include="Resources\SceneObject.cpp" />
    <ClCompile Include="Scene\Chair2.cpp" />
    <ClCompile Include="Scene\Chess.cpp" />
    <ClCompile Include="Scene\Commode.cpp" />
    <ClCompile Include="Scene\Coordinatesystem.cpp" />
    <ClCompile Include="Scene\Desk.cpp" />
    <ClCompile Include="Scene\Door.cpp" />
    <ClCompile Include="Scene\Fire.cpp" />
    <ClCompile Include="Scene\Frame.cpp" />
    <ClCompile Include="Resources\Geometry.cpp" />
    <ClCompile Include="Resources\Shader.cpp" />
    <ClCompile Include="Scene\Knight1.cpp" />
    <ClCompile Include="Scene\Knight2.cpp" />
    <ClCompile Include="Scene\Room.cpp" />
    <ClCompile Include="Scene\Chair1.cpp" />
    <ClCompile Include="Scene\Torch1.cpp" />
    <ClCompile Include="Scene\Torch2.cpp" />
    <ClCompile Include="Scene\Wardrobe.cpp" />
    <ClCompile Include="Resources\SoundSystemClass.cpp" />
  </ItemGroup>
  <ItemGroup>
    <ClCompile Include="Resources\SceneObject.cpp">
      <Filter>Quelldateien</Filter>
    </ClCompile>
    <ClCompile Include="Resources\Shader.cpp">
      <Filter>Quelldateien</Filter>
    </ClCompile>
    <ClCompile Include="Resources\Texture.cpp">
      <Filter>Quelldateien</Filter>
    </ClCompile>
    <ClCompile Include="Resources\Camera.cpp">
      <Filter>Quelldateien</Filter>
    </ClCompile>
    <ClCompile Include="Resources\Mesh.cpp">
      <Filter>Quelldateien</Filter>
    </ClCompile>
    <ClCompile Include="Resources\Const.cpp">
      <Filter>Quelldateien</Filter>
    </ClCompile>
    <ClCompile Include="main.cpp">
      <Filter>Quelldateien</Filter>
    </ClCompile>
    <ClCompile Include="Resources\FrustumG.cpp">
      <Filter>Quelldateien</Filter>
    </ClCompile>
    <ClCompile Include="Scene\Knight1.cpp">
      <Filter>Quelldateien</Filter>
    </ClCompile>
    <ClCompile Include="Scene\Knight2.cpp">
      <Filter>Quelldateien</Filter>
    </ClCompile>
    <ClCompile Include="Scene\Actor.cpp">
      <Filter>Quelldateien</Filter>
    </ClCompile>
    <ClCompile Include="Scene\Room.cpp">
      <Filter>Quelldateien</Filter>
    </ClCompile>
    <ClCompile Include="Scene\Wardrobe.cpp">
      <Filter>Quelldateien</Filter>
    </ClCompile>
    <ClCompile Include="Scene\Door.cpp">
      <Filter>Quelldateien</Filter>
    </ClCompile>
    <ClCompile Include="Scene\Chair1.cpp">
      <Filter>Quelldateien</Filter>
    </ClCompile>
    <ClCompile Include="Scene\Desk.cpp">
      <Filter>Quelldateien</Filter>
    </ClCompile>
    <ClCompile Include="Scene\Chair2.cpp">
      <Filter>Quelldateien</Filter>
    </ClCompile>
    <ClCompile Include="Scene\Frame.cpp">
      <Filter>Quelldateien</Filter>
    </ClCompile>
    <ClCompile Include="Scene\Commode.cpp">
      <Filter>Quelldateien</Filter>
    </ClCompile>
    <ClCompile Include="Scene\Torch1.cpp">
      <Filter>Quelldateien</Filter>
    </ClCompile>
    <ClCompile Include="Scene\Torch2.cpp">
      <Filter>Quelldateien</Filter>
    </ClCompile>
    <ClCompile Include="Scene\Chess.cpp">
      <Filter>Quelldateien</Filter>
    </ClCompile>
    <ClCompile Include="Resources\Geometry.cpp">
      <Filter>Quelldateien</Filter>
    </ClCompile>
    <ClCompile Include="Resources\SceneNode.cpp">
      <Filter>Quelldateien</Filter>
    </ClCompile>
    <ClCompile Include="Scene\Coordinatesystem.cpp">
      <Filter>Quelldateien</Filter>
    </ClCompile>
    <ClCompile Include="Scene\Fire.cpp">
      <Filter>Quelldateien</Filter>
    </ClCompile>
  </ItemGroup>
  <ItemGroup>
    <ClInclude Include="Resources\CameraPoint.hpp" />
    <ClInclude Include="Resources\Camera.hpp" />
    <ClInclude Include="Resources\Const.hpp" />
    <ClInclude Include="Resources\FrustumG.hpp" />
    <ClInclude Include="Resources\Mesh.hpp" />
    <ClInclude Include="Resources\RenderBuffer.h" />
    <ClInclude Include="Resources\SceneNode.hpp" />
    <ClInclude Include="Resources\Texture.hpp" />
    <ClInclude Include="Scene\Actor.hpp" />
    <ClInclude Include="Resources\SceneObject.hpp" />
    <ClInclude Include="Scene\Chair2.hpp" />
    <ClInclude Include="Scene\Chess.hpp" />
    <ClInclude Include="Scene\Commode.hpp" />
    <ClInclude Include="Scene\Coordinatesystem.hpp" />
    <ClInclude Include="Scene\Desk.hpp" />
    <ClInclude Include="Scene\Door.hpp" />
    <ClInclude Include="Scene\Fire.hpp" />
    <ClInclude Include="Scene\Frame.hpp" />
    <ClInclude Include="Resources\Geometry.hpp" />
    <ClInclude Include="Resources\Shader.hpp" />
    <ClInclude Include="Scene\Knight1.hpp" />
    <ClInclude Include="Scene\Knight2.hpp" />
    <ClInclude Include="Scene\Room.hpp" />
    <ClInclude Include="Scene\Chair1.hpp" />
    <ClInclude Include="Scene\Torch1.hpp" />
    <ClInclude Include="Scene\Torch2.hpp" />
    <ClInclude Include="Scene\Wardrobe.hpp" />
    <ClInclude Include="Resources\SoundSystemClass.hpp" />
  </ItemGroup>
  <ItemGroup>
    <None Include="Shader\FireParticle.geom" />
    <None Include="Shader\FireParticle.vert" />
    <None Include="Shader\FireParticle.frag" />
    <None Include="Shader\FireParticle.comp" />
    <None Include="Shader\DirectionalShadows.frag" />
    <None Include="Shader\DirectionalShadows.vert" />
    <None Include="Shader\PointShadows.frag" />
    <None Include="Shader\Blur.frag" />
    <None Include="Shader\PointShadows.geom" />
    <None Include="Shader\Screen.frag" />
    <None Include="Shader\Screen.vert" />
    <None Include="Shader\Blur.frag" />
    <None Include="Shader\Blur.vert" />
    <None Include="Shader\Combine.frag" />
    <None Include="Shader\Combine.vert" />
    <None Include="Shader\FireParticle.comp" />
    <None Include="Shader\PointShadows.frag" />
    <None Include="Shader\PointShadows.vert" />
    <None Include="Shader\FireParticle.frag" />
    <None Include="Shader\FireParticle.vert" />
    <None Include="Shader\FireParticle.geom" />
    <None Include="Shader\DirectionalShadows.frag" />
    <None Include="Shader\DirectionalShadows.vert" />
    <None Include="Shader\CameraPath.vert" />
    <None Include="Shader\CameraPath.frag" />
    <None Include="Shader\Image.vert" />
    <None Include="Shader\Image.frag" />
  </ItemGroup>
</Project>