<?xml version="1.0" encoding="utf-8"?>
<Project ToolsVersion="4.0" xmlns="http://schemas.microsoft.com/developer/msbuild/2003">
  <ItemGroup>
    <Filter Include="Quelldateien">
      <UniqueIdentifier>{4FC737F1-C7A5-4376-A066-2A32D752A2FF}</UniqueIdentifier>
      <Extensions>cpp;c;cc;cxx;def;odl;idl;hpj;bat;asm;asmx</Extensions>
    </Filter>
    <Filter Include="Headerdateien">
      <UniqueIdentifier>{93995380-89BD-4b04-88EB-625FBE52EBFB}</UniqueIdentifier>
      <Extensions>h;hh;hpp;hxx;hm;inl;inc;xsd</Extensions>
    </Filter>
    <Filter Include="Ressourcendateien">
      <UniqueIdentifier>{67DA6AB6-F800-4c08-8B7A-83BB121AAD01}</UniqueIdentifier>
      <Extensions>rc;ico;cur;bmp;dlg;rc2;rct;bin;rgs;gif;jpg;jpeg;jpe;resx;tiff;tif;png;wav;mfcribbon-ms</Extensions>
    </Filter>
  </ItemGroup>
  <ItemGroup>
    <ClCompile Include="Resources\SceneObject.cpp">
      <Filter>Quelldateien</Filter>
    </ClCompile>
    <ClCompile Include="Resources\Shader.cpp">
      <Filter>Quelldateien</Filter>
    </ClCompile>
    <ClCompile Include="Resources\Texture.cpp">
      <Filter>Quelldateien</Filter>
    </ClCompile>
    <ClCompile Include="Resources\Camera.cpp">
      <Filter>Quelldateien</Filter>
    </ClCompile>
    <ClCompile Include="Resources\Mesh.cpp">
      <Filter>Quelldateien</Filter>
    </ClCompile>
    <ClCompile Include="Resources\Const.cpp">
      <Filter>Quelldateien</Filter>
    </ClCompile>
    <ClCompile Include="main.cpp">
      <Filter>Quelldateien</Filter>
    </ClCompile>
    <ClCompile Include="Resources\FrustumG.cpp">
      <Filter>Quelldateien</Filter>
    </ClCompile>
    <ClCompile Include="Scene\Knight1.cpp">
      <Filter>Quelldateien</Filter>
    </ClCompile>
    <ClCompile Include="Scene\Knight2.cpp">
      <Filter>Quelldateien</Filter>
    </ClCompile>
    <ClCompile Include="Scene\Actor.cpp">
      <Filter>Quelldateien</Filter>
    </ClCompile>
    <ClCompile Include="Scene\Room.cpp">
      <Filter>Quelldateien</Filter>
    </ClCompile>
    <ClCompile Include="Scene\Wardrobe.cpp">
      <Filter>Quelldateien</Filter>
    </ClCompile>
    <ClCompile Include="Scene\Door.cpp">
      <Filter>Quelldateien</Filter>
    </ClCompile>
    <ClCompile Include="Scene\Chair1.cpp">
      <Filter>Quelldateien</Filter>
    </ClCompile>
    <ClCompile Include="Scene\Desk.cpp">
      <Filter>Quelldateien</Filter>
    </ClCompile>
    <ClCompile Include="Scene\Chair2.cpp">
      <Filter>Quelldateien</Filter>
    </ClCompile>
    <ClCompile Include="Scene\Frame.cpp">
      <Filter>Quelldateien</Filter>
    </ClCompile>
    <ClCompile Include="Scene\Commode.cpp">
      <Filter>Quelldateien</Filter>
    </ClCompile>
    <ClCompile Include="Scene\Torch1.cpp">
      <Filter>Quelldateien</Filter>
    </ClCompile>
    <ClCompile Include="Scene\Torch2.cpp">
      <Filter>Quelldateien</Filter>
    </ClCompile>
    <ClCompile Include="Scene\Chess.cpp">
      <Filter>Quelldateien</Filter>
    </ClCompile>
    <ClCompile Include="Resources\Geometry.cpp">
      <Filter>Quelldateien</Filter>
    </ClCompile>
    <ClCompile Include="Resources\SceneNode.cpp">
      <Filter>Quelldateien</Filter>
    </ClCompile>
    <ClCompile Include="Scene\Coordinatesystem.cpp">
      <Filter>Quelldateien</Filter>
    </ClCompile>
    <ClCompile Include="Scene\Fire.cpp">
      <Filter>Quelldateien</Filter>
    </ClCompile>
  </ItemGroup>
  <ItemGroup>
    <ClInclude Include="Resources\SceneObject.hpp">
      <Filter>Headerdateien</Filter>
    </ClInclude>
    <ClInclude Include="Resources\Shader.hpp">
      <Filter>Headerdateien</Filter>
    </ClInclude>
    <ClInclude Include="Resources\Texture.hpp">
      <Filter>Headerdateien</Filter>
    </ClInclude>
    <ClInclude Include="Resources\Camera.hpp">
      <Filter>Headerdateien</Filter>
    </ClInclude>
    <ClInclude Include="Resources\Mesh.hpp">
      <Filter>Headerdateien</Filter>
    </ClInclude>
    <ClInclude Include="Resources\Const.hpp">
      <Filter>Headerdateien</Filter>
    </ClInclude>
    <ClInclude Include="Resources\FrustumG.hpp">
      <Filter>Headerdateien</Filter>
    </ClInclude>
    <ClInclude Include="Scene\Knight1.hpp">
      <Filter>Headerdateien</Filter>
    </ClInclude>
    <ClInclude Include="Scene\Knight2.hpp">
      <Filter>Headerdateien</Filter>
    </ClInclude>
    <ClInclude Include="Scene\Actor.hpp">
      <Filter>Headerdateien</Filter>
    </ClInclude>
    <ClInclude Include="Scene\Room.hpp">
      <Filter>Headerdateien</Filter>
    </ClInclude>
    <ClInclude Include="Scene\Wardrobe.hpp">
      <Filter>Headerdateien</Filter>
    </ClInclude>
    <ClInclude Include="Scene\Door.hpp">
      <Filter>Headerdateien</Filter>
    </ClInclude>
    <ClInclude Include="Scene\Chair1.hpp">
      <Filter>Headerdateien</Filter>
    </ClInclude>
    <ClInclude Include="Scene\Desk.hpp">
      <Filter>Headerdateien</Filter>
    </ClInclude>
    <ClInclude Include="Scene\Chair2.hpp">
      <Filter>Headerdateien</Filter>
    </ClInclude>
    <ClInclude Include="Scene\Frame.hpp">
      <Filter>Headerdateien</Filter>
    </ClInclude>
    <ClInclude Include="Scene\Commode.hpp">
      <Filter>Headerdateien</Filter>
    </ClInclude>
    <ClInclude Include="Scene\Torch1.hpp">
      <Filter>Headerdateien</Filter>
    </ClInclude>
    <ClInclude Include="Scene\Torch2.hpp">
      <Filter>Headerdateien</Filter>
    </ClInclude>
    <ClInclude Include="Scene\Chess.hpp">
      <Filter>Headerdateien</Filter>
    </ClInclude>
    <ClInclude Include="Resources\Geometry.hpp">
      <Filter>Headerdateien</Filter>
    </ClInclude>
    <ClInclude Include="Resources\SceneNode.hpp">
      <Filter>Headerdateien</Filter>
    </ClInclude>
    <ClInclude Include="Scene\Coordinatesystem.hpp">
      <Filter>Headerdateien</Filter>
    </ClInclude>
    <ClInclude Include="Resources\RenderBuffer.h">
      <Filter>Headerdateien</Filter>
    </ClInclude>
    <ClInclude Include="Scene\Fire.hpp">
      <Filter>Headerdateien</Filter>
    </ClInclude>
  </ItemGroup>
  <ItemGroup>
    <None Include="Shader\Shadow.vert" />
    <None Include="Shader\Shadow.frag" />
    <None Include="Shader\Draw.vert" />
    <None Include="Shader\Draw.frag" />
    <None Include="Shader\FireParticle.geom" />
    <None Include="Shader\FireParticle.vert" />
    <None Include="Shader\FireParticle.frag" />
  </ItemGroup>
</Project>